# THIS IS AN AUTOGENERATED FILE. DO NOT EDIT THIS FILE DIRECTLY.
# yarn lockfile v1


bulma-toast@^2.3.0:
  version "2.3.0"
  resolved "https://registry.yarnpkg.com/bulma-toast/-/bulma-toast-2.3.0.tgz#43062de85104ee66719b723c5d1691d9e46954d6"
  integrity sha512-HfMITkQv4GnrrvwMnpxtNlfdQcmVdl09wGqboqMzLuRWSDDM9EBghfuAeh6jPCKJpFvAeadw7N12XRY1AAJgyw==
